
Microsoft Visual Studio Solution File, Format Version 12.00
# Visual Studio Version 16
VisualStudioVersion = 16.0.31025.194
MinimumVisualStudioVersion = 10.0.40219.1
Project("{2150E333-8FDC-42A3-9474-1A3956D46DE8}") = "src", "src", "{26AAA7DA-62CE-470F-9197-773D37167DF7}"
EndProject
Project("{2150E333-8FDC-42A3-9474-1A3956D46DE8}") = "Services", "Services", "{5CD2F547-E71B-40A7-87B8-1B8279E11A51}"
EndProject
Project("{2150E333-8FDC-42A3-9474-1A3956D46DE8}") = "Building Blocks", "Building Blocks", "{4A241B14-6EF9-43EE-A579-41DF8F00C10F}"
EndProject
Project("{2150E333-8FDC-42A3-9474-1A3956D46DE8}") = "Web", "Web", "{17CD2E6F-1132-4215-8171-13E5281BEE74}"
EndProject
Project("{2150E333-8FDC-42A3-9474-1A3956D46DE8}") = "Identidade", "Identidade", "{9F29E72D-ADBE-4C19-82AD-20DA0E0DBDCA}"
EndProject
Project("{9A19103F-16F7-4668-BE54-9A1E7A4F7556}") = "LocaApp.Identidade.API", "src\services\LocaApp.Identidade.API\LocaApp.Identidade.API.csproj", "{DFB0730F-90EC-415F-A21D-3F3DE550B2E2}"
EndProject
Project("{2150E333-8FDC-42A3-9474-1A3956D46DE8}") = "MVC", "MVC", "{BF561621-FFF3-4768-BBB1-75914F9D08F8}"
EndProject
Project("{9A19103F-16F7-4668-BE54-9A1E7A4F7556}") = "LocaApp.UI.MVC", "src\web\LocaApp.UI.MVC\LocaApp.UI.MVC.csproj", "{3A6146A1-60C4-4F7A-A774-6CC76CC634E2}"
EndProject
Project("{2150E333-8FDC-42A3-9474-1A3956D46DE8}") = "Core", "Core", "{E9B611FD-FA3A-485E-8753-6F3CF8F0F0F6}"
EndProject
Project("{9A19103F-16F7-4668-BE54-9A1E7A4F7556}") = "LocaApp.FrameWork", "src\building blocks\LocaApp.Core\LocaApp.FrameWork.csproj", "{3EDAF1F0-9FFA-47FF-ADD1-4194F9EFAC4F}"
EndProject
Project("{2150E333-8FDC-42A3-9474-1A3956D46DE8}") = "Veiculos", "Veiculos", "{922E822F-26E0-49E3-975D-1C3E17BBC7C8}"
EndProject
Project("{9A19103F-16F7-4668-BE54-9A1E7A4F7556}") = "LocaApp.Veiculos.API", "src\services\LocaApp.Veiculos.API\LocaApp.Veiculos.API.csproj", "{1A286BB1-9C47-4619-9C21-66982DFFDE77}"
EndProject
Project("{2150E333-8FDC-42A3-9474-1A3956D46DE8}") = "Locacao", "Locacao", "{27503A8A-411F-4BCD-A198-FB1C2C7EB299}"
EndProject
Project("{9A19103F-16F7-4668-BE54-9A1E7A4F7556}") = "LocaApp.Locacao.API", "src\services\LocaApp.Locacao.API\LocaApp.Locacao.API.csproj", "{8993DE6E-69CD-40C4-B8BB-41BA5574EE09}"
EndProject
Project("{FAE04EC0-301F-11D3-BF4B-00C04F79EFBC}") = "LocaApp.Core.Test", "LocaApp.Core.Test\LocaApp.Core.Test.csproj", "{4F3CF330-AD89-44E8-BE2E-2D0AF8125334}"
EndProject
Global
	GlobalSection(SolutionConfigurationPlatforms) = preSolution
		Debug|Any CPU = Debug|Any CPU
		Release|Any CPU = Release|Any CPU
	EndGlobalSection
	GlobalSection(ProjectConfigurationPlatforms) = postSolution
		{DFB0730F-90EC-415F-A21D-3F3DE550B2E2}.Debug|Any CPU.ActiveCfg = Debug|Any CPU
		{DFB0730F-90EC-415F-A21D-3F3DE550B2E2}.Debug|Any CPU.Build.0 = Debug|Any CPU
		{DFB0730F-90EC-415F-A21D-3F3DE550B2E2}.Release|Any CPU.ActiveCfg = Release|Any CPU
		{DFB0730F-90EC-415F-A21D-3F3DE550B2E2}.Release|Any CPU.Build.0 = Release|Any CPU
		{3A6146A1-60C4-4F7A-A774-6CC76CC634E2}.Debug|Any CPU.ActiveCfg = Debug|Any CPU
		{3A6146A1-60C4-4F7A-A774-6CC76CC634E2}.Debug|Any CPU.Build.0 = Debug|Any CPU
		{3A6146A1-60C4-4F7A-A774-6CC76CC634E2}.Release|Any CPU.ActiveCfg = Release|Any CPU
		{3A6146A1-60C4-4F7A-A774-6CC76CC634E2}.Release|Any CPU.Build.0 = Release|Any CPU
		{3EDAF1F0-9FFA-47FF-ADD1-4194F9EFAC4F}.Debug|Any CPU.ActiveCfg = Debug|Any CPU
		{3EDAF1F0-9FFA-47FF-ADD1-4194F9EFAC4F}.Debug|Any CPU.Build.0 = Debug|Any CPU
		{3EDAF1F0-9FFA-47FF-ADD1-4194F9EFAC4F}.Release|Any CPU.ActiveCfg = Release|Any CPU
		{3EDAF1F0-9FFA-47FF-ADD1-4194F9EFAC4F}.Release|Any CPU.Build.0 = Release|Any CPU
		{1A286BB1-9C47-4619-9C21-66982DFFDE77}.Debug|Any CPU.ActiveCfg = Debug|Any CPU
		{1A286BB1-9C47-4619-9C21-66982DFFDE77}.Debug|Any CPU.Build.0 = Debug|Any CPU
		{1A286BB1-9C47-4619-9C21-66982DFFDE77}.Release|Any CPU.ActiveCfg = Release|Any CPU
		{1A286BB1-9C47-4619-9C21-66982DFFDE77}.Release|Any CPU.Build.0 = Release|Any CPU
		{8993DE6E-69CD-40C4-B8BB-41BA5574EE09}.Debug|Any CPU.ActiveCfg = Debug|Any CPU
		{8993DE6E-69CD-40C4-B8BB-41BA5574EE09}.Debug|Any CPU.Build.0 = Debug|Any CPU
		{8993DE6E-69CD-40C4-B8BB-41BA5574EE09}.Release|Any CPU.ActiveCfg = Release|Any CPU
		{8993DE6E-69CD-40C4-B8BB-41BA5574EE09}.Release|Any CPU.Build.0 = Release|Any CPU
		{4F3CF330-AD89-44E8-BE2E-2D0AF8125334}.Debug|Any CPU.ActiveCfg = Debug|Any CPU
		{4F3CF330-AD89-44E8-BE2E-2D0AF8125334}.Debug|Any CPU.Build.0 = Debug|Any CPU
		{4F3CF330-AD89-44E8-BE2E-2D0AF8125334}.Release|Any CPU.ActiveCfg = Release|Any CPU
		{4F3CF330-AD89-44E8-BE2E-2D0AF8125334}.Release|Any CPU.Build.0 = Release|Any CPU
	EndGlobalSection
	GlobalSection(SolutionProperties) = preSolution
		HideSolutionNode = FALSE
	EndGlobalSection
	GlobalSection(NestedProjects) = preSolution
		{5CD2F547-E71B-40A7-87B8-1B8279E11A51} = {26AAA7DA-62CE-470F-9197-773D37167DF7}
		{4A241B14-6EF9-43EE-A579-41DF8F00C10F} = {26AAA7DA-62CE-470F-9197-773D37167DF7}
		{17CD2E6F-1132-4215-8171-13E5281BEE74} = {26AAA7DA-62CE-470F-9197-773D37167DF7}
		{9F29E72D-ADBE-4C19-82AD-20DA0E0DBDCA} = {5CD2F547-E71B-40A7-87B8-1B8279E11A51}
		{DFB0730F-90EC-415F-A21D-3F3DE550B2E2} = {9F29E72D-ADBE-4C19-82AD-20DA0E0DBDCA}
		{BF561621-FFF3-4768-BBB1-75914F9D08F8} = {17CD2E6F-1132-4215-8171-13E5281BEE74}
		{3A6146A1-60C4-4F7A-A774-6CC76CC634E2} = {BF561621-FFF3-4768-BBB1-75914F9D08F8}
		{E9B611FD-FA3A-485E-8753-6F3CF8F0F0F6} = {4A241B14-6EF9-43EE-A579-41DF8F00C10F}
		{3EDAF1F0-9FFA-47FF-ADD1-4194F9EFAC4F} = {E9B611FD-FA3A-485E-8753-6F3CF8F0F0F6}
		{922E822F-26E0-49E3-975D-1C3E17BBC7C8} = {5CD2F547-E71B-40A7-87B8-1B8279E11A51}
		{1A286BB1-9C47-4619-9C21-66982DFFDE77} = {922E822F-26E0-49E3-975D-1C3E17BBC7C8}
		{27503A8A-411F-4BCD-A198-FB1C2C7EB299} = {5CD2F547-E71B-40A7-87B8-1B8279E11A51}
		{8993DE6E-69CD-40C4-B8BB-41BA5574EE09} = {27503A8A-411F-4BCD-A198-FB1C2C7EB299}
		{4F3CF330-AD89-44E8-BE2E-2D0AF8125334} = {E9B611FD-FA3A-485E-8753-6F3CF8F0F0F6}
	EndGlobalSection
	GlobalSection(ExtensibilityGlobals) = postSolution
		SolutionGuid = {E24D79C1-2764-48AE-A869-C36A7C8D5362}
	EndGlobalSection
EndGlobal
